
Microsoft Visual Studio Solution File, Format Version 12.00
# Visual Studio Version 17
VisualStudioVersion = 17.4.33122.133
MinimumVisualStudioVersion = 10.0.40219.1
Project("{FAE04EC0-301F-11D3-BF4B-00C04F79EFBC}") = "Auth.web", "Auth.web\Auth.web.csproj", "{C7166713-7D5F-42C1-99DF-CCD44E1B111B}"
EndProject
Global
	GlobalSection(SolutionConfigurationPlatforms) = preSolution
		Debug|Any CPU = Debug|Any CPU
		Release|Any CPU = Release|Any CPU
	EndGlobalSection
	GlobalSection(ProjectConfigurationPlatforms) = postSolution
		{C7166713-7D5F-42C1-99DF-CCD44E1B111B}.Debug|Any CPU.ActiveCfg = Debug|Any CPU
		{C7166713-7D5F-42C1-99DF-CCD44E1B111B}.Debug|Any CPU.Build.0 = Debug|Any CPU
		{C7166713-7D5F-42C1-99DF-CCD44E1B111B}.Release|Any CPU.ActiveCfg = Release|Any CPU
		{C7166713-7D5F-42C1-99DF-CCD44E1B111B}.Release|Any CPU.Build.0 = Release|Any CPU
	EndGlobalSection
	GlobalSection(SolutionProperties) = preSolution
		HideSolutionNode = FALSE
	EndGlobalSection
	GlobalSection(ExtensibilityGlobals) = postSolution
		SolutionGuid = {5255CAEE-273B-4C10-B5B0-29ABAF08E389}
	EndGlobalSection
EndGlobal
